// !$*UTF8*$!
{
	archiveVersion = 1;
	classes = {
	};
	objectVersion = 55;
	objects = {

/* Begin PBXBuildFile section */
		840FE9C927D7598200EB250B /* UIImageDownload.swift in Sources */ = {isa = PBXBuildFile; fileRef = 840FE9C827D7598200EB250B /* UIImageDownload.swift */; };
		842BEDB327D169AB00757497 /* AppDelegate.swift in Sources */ = {isa = PBXBuildFile; fileRef = 842BEDB227D169AB00757497 /* AppDelegate.swift */; };
		842BEDB527D169AB00757497 /* SceneDelegate.swift in Sources */ = {isa = PBXBuildFile; fileRef = 842BEDB427D169AB00757497 /* SceneDelegate.swift */; };
		842BEDB727D169AB00757497 /* ViewController.swift in Sources */ = {isa = PBXBuildFile; fileRef = 842BEDB627D169AB00757497 /* ViewController.swift */; };
		842BEDBA27D169AB00757497 /* Main.storyboard in Resources */ = {isa = PBXBuildFile; fileRef = 842BEDB827D169AB00757497 /* Main.storyboard */; };
		842BEDBC27D169AC00757497 /* Assets.xcassets in Resources */ = {isa = PBXBuildFile; fileRef = 842BEDBB27D169AC00757497 /* Assets.xcassets */; };
		842BEDBF27D169AC00757497 /* LaunchScreen.storyboard in Resources */ = {isa = PBXBuildFile; fileRef = 842BEDBD27D169AC00757497 /* LaunchScreen.storyboard */; };
		842BEDCA27D169AC00757497 /* UserListTests.swift in Sources */ = {isa = PBXBuildFile; fileRef = 842BEDC927D169AC00757497 /* UserListTests.swift */; };
		842BEDD427D169AD00757497 /* UserListUITests.swift in Sources */ = {isa = PBXBuildFile; fileRef = 842BEDD327D169AD00757497 /* UserListUITests.swift */; };
		842BEDD627D169AD00757497 /* UserListUITestsLaunchTests.swift in Sources */ = {isa = PBXBuildFile; fileRef = 842BEDD527D169AD00757497 /* UserListUITestsLaunchTests.swift */; };
		842BEDE327D16A1500757497 /* UserResponce.swift in Sources */ = {isa = PBXBuildFile; fileRef = 842BEDE227D16A1500757497 /* UserResponce.swift */; };
		842BEDFC27D2235100757497 /* userTableViewCell.swift in Sources */ = {isa = PBXBuildFile; fileRef = 842BEDFB27D2235100757497 /* userTableViewCell.swift */; };
/* End PBXBuildFile section */

/* Begin PBXContainerItemProxy section */
		842BEDC627D169AC00757497 /* PBXContainerItemProxy */ = {
			isa = PBXContainerItemProxy;
			containerPortal = 842BEDA727D169AB00757497 /* Project object */;
			proxyType = 1;
			remoteGlobalIDString = 842BEDAE27D169AB00757497;
			remoteInfo = UserList;
		};
		842BEDD027D169AD00757497 /* PBXContainerItemProxy */ = {
			isa = PBXContainerItemProxy;
			containerPortal = 842BEDA727D169AB00757497 /* Project object */;
			proxyType = 1;
			remoteGlobalIDString = 842BEDAE27D169AB00757497;
			remoteInfo = UserList;
		};
/* End PBXContainerItemProxy section */

/* Begin PBXFileReference section */
		840FE9C827D7598200EB250B /* UIImageDownload.swift */ = {isa = PBXFileReference; lastKnownFileType = sourcecode.swift; path = UIImageDownload.swift; sourceTree = "<group>"; };
		842BEDAF27D169AB00757497 /* UserList.app */ = {isa = PBXFileReference; explicitFileType = wrapper.application; includeInIndex = 0; path = UserList.app; sourceTree = BUILT_PRODUCTS_DIR; };
		842BEDB227D169AB00757497 /* AppDelegate.swift */ = {isa = PBXFileReference; lastKnownFileType = sourcecode.swift; path = AppDelegate.swift; sourceTree = "<group>"; };
		842BEDB427D169AB00757497 /* SceneDelegate.swift */ = {isa = PBXFileReference; lastKnownFileType = sourcecode.swift; path = SceneDelegate.swift; sourceTree = "<group>"; };
		842BEDB627D169AB00757497 /* ViewController.swift */ = {isa = PBXFileReference; lastKnownFileType = sourcecode.swift; path = ViewController.swift; sourceTree = "<group>"; };
		842BEDB927D169AB00757497 /* Base */ = {isa = PBXFileReference; lastKnownFileType = file.storyboard; name = Base; path = Base.lproj/Main.storyboard; sourceTree = "<group>"; };
		842BEDBB27D169AC00757497 /* Assets.xcassets */ = {isa = PBXFileReference; lastKnownFileType = folder.assetcatalog; path = Assets.xcassets; sourceTree = "<group>"; };
		842BEDBE27D169AC00757497 /* Base */ = {isa = PBXFileReference; lastKnownFileType = file.storyboard; name = Base; path = Base.lproj/LaunchScreen.storyboard; sourceTree = "<group>"; };
		842BEDC027D169AC00757497 /* Info.plist */ = {isa = PBXFileReference; lastKnownFileType = text.plist.xml; path = Info.plist; sourceTree = "<group>"; };
		842BEDC527D169AC00757497 /* UserListTests.xctest */ = {isa = PBXFileReference; explicitFileType = wrapper.cfbundle; includeInIndex = 0; path = UserListTests.xctest; sourceTree = BUILT_PRODUCTS_DIR; };
		842BEDC927D169AC00757497 /* UserListTests.swift */ = {isa = PBXFileReference; lastKnownFileType = sourcecode.swift; path = UserListTests.swift; sourceTree = "<group>"; };
		842BEDCF27D169AD00757497 /* UserListUITests.xctest */ = {isa = PBXFileReference; explicitFileType = wrapper.cfbundle; includeInIndex = 0; path = UserListUITests.xctest; sourceTree = BUILT_PRODUCTS_DIR; };
		842BEDD327D169AD00757497 /* UserListUITests.swift */ = {isa = PBXFileReference; lastKnownFileType = sourcecode.swift; path = UserListUITests.swift; sourceTree = "<group>"; };
		842BEDD527D169AD00757497 /* UserListUITestsLaunchTests.swift */ = {isa = PBXFileReference; lastKnownFileType = sourcecode.swift; path = UserListUITestsLaunchTests.swift; sourceTree = "<group>"; };
		842BEDE227D16A1500757497 /* UserResponce.swift */ = {isa = PBXFileReference; lastKnownFileType = sourcecode.swift; path = UserResponce.swift; sourceTree = "<group>"; };
		842BEDFB27D2235100757497 /* userTableViewCell.swift */ = {isa = PBXFileReference; lastKnownFileType = sourcecode.swift; path = userTableViewCell.swift; sourceTree = "<group>"; };
/* End PBXFileReference section */

/* Begin PBXFrameworksBuildPhase section */
		842BEDAC27D169AB00757497 /* Frameworks */ = {
			isa = PBXFrameworksBuildPhase;
			buildActionMask = 2147483647;
			files = (
			);
			runOnlyForDeploymentPostprocessing = 0;
		};
		842BEDC227D169AC00757497 /* Frameworks */ = {
			isa = PBXFrameworksBuildPhase;
			buildActionMask = 2147483647;
			files = (
			);
			runOnlyForDeploymentPostprocessing = 0;
		};
		842BEDCC27D169AD00757497 /* Frameworks */ = {
			isa = PBXFrameworksBuildPhase;
			buildActionMask = 2147483647;
			files = (
			);
			runOnlyForDeploymentPostprocessing = 0;
		};
/* End PBXFrameworksBuildPhase section */

/* Begin PBXGroup section */
		842BEDA627D169AB00757497 = {
			isa = PBXGroup;
			children = (
				842BEDB127D169AB00757497 /* UserList */,
				842BEDC827D169AC00757497 /* UserListTests */,
				842BEDD227D169AD00757497 /* UserListUITests */,
				842BEDB027D169AB00757497 /* Products */,
			);
			sourceTree = "<group>";
		};
		842BEDB027D169AB00757497 /* Products */ = {
			isa = PBXGroup;
			children = (
				842BEDAF27D169AB00757497 /* UserList.app */,
				842BEDC527D169AC00757497 /* UserListTests.xctest */,
				842BEDCF27D169AD00757497 /* UserListUITests.xctest */,
			);
			name = Products;
			sourceTree = "<group>";
		};
		842BEDB127D169AB00757497 /* UserList */ = {
			isa = PBXGroup;
			children = (
				842BEDB227D169AB00757497 /* AppDelegate.swift */,
				842BEDB427D169AB00757497 /* SceneDelegate.swift */,
				842BEDB627D169AB00757497 /* ViewController.swift */,
				842BEDFB27D2235100757497 /* userTableViewCell.swift */,
				842BEDE227D16A1500757497 /* UserResponce.swift */,
				840FE9C827D7598200EB250B /* UIImageDownload.swift */,
				842BEDB827D169AB00757497 /* Main.storyboard */,
				842BEDBB27D169AC00757497 /* Assets.xcassets */,
				842BEDBD27D169AC00757497 /* LaunchScreen.storyboard */,
				842BEDC027D169AC00757497 /* Info.plist */,
			);
			path = UserList;
			sourceTree = "<group>";
		};
		842BEDC827D169AC00757497 /* UserListTests */ = {
			isa = PBXGroup;
			children = (
				842BEDC927D169AC00757497 /* UserListTests.swift */,
			);
			path = UserListTests;
			sourceTree = "<group>";
		};
		842BEDD227D169AD00757497 /* UserListUITests */ = {
			isa = PBXGroup;
			children = (
				842BEDD327D169AD00757497 /* UserListUITests.swift */,
				842BEDD527D169AD00757497 /* UserListUITestsLaunchTests.swift */,
			);
			path = UserListUITests;
			sourceTree = "<group>";
		};
/* End PBXGroup section */

/* Begin PBXNativeTarget section */
		842BEDAE27D169AB00757497 /* UserList */ = {
			isa = PBXNativeTarget;
			buildConfigurationList = 842BEDD927D169AD00757497 /* Build configuration list for PBXNativeTarget "UserList" */;
			buildPhases = (
				842BEDAB27D169AB00757497 /* Sources */,
				842BEDAC27D169AB00757497 /* Frameworks */,
				842BEDAD27D169AB00757497 /* Resources */,
			);
			buildRules = (
			);
			dependencies = (
			);
			name = UserList;
			productName = UserList;
			productReference = 842BEDAF27D169AB00757497 /* UserList.app */;
			productType = "com.apple.product-type.application";
		};
		842BEDC427D169AC00757497 /* UserListTests */ = {
			isa = PBXNativeTarget;
			buildConfigurationList = 842BEDDC27D169AD00757497 /* Build configuration list for PBXNativeTarget "UserListTests" */;
			buildPhases = (
				842BEDC127D169AC00757497 /* Sources */,
				842BEDC227D169AC00757497 /* Frameworks */,
				842BEDC327D169AC00757497 /* Resources */,
			);
			buildRules = (
			);
			dependencies = (
				842BEDC727D169AC00757497 /* PBXTargetDependency */,
			);
			name = UserListTests;
			productName = UserListTests;
			productReference = 842BEDC527D169AC00757497 /* UserListTests.xctest */;
			productType = "com.apple.product-type.bundle.unit-test";
		};
		842BEDCE27D169AD00757497 /* UserListUITests */ = {
			isa = PBXNativeTarget;
			buildConfigurationList = 842BEDDF27D169AD00757497 /* Build configuration list for PBXNativeTarget "UserListUITests" */;
			buildPhases = (
				842BEDCB27D169AD00757497 /* Sources */,
				842BEDCC27D169AD00757497 /* Frameworks */,
				842BEDCD27D169AD00757497 /* Resources */,
			);
			buildRules = (
			);
			dependencies = (
				842BEDD127D169AD00757497 /* PBXTargetDependency */,
			);
			name = UserListUITests;
			productName = UserListUITests;
			productReference = 842BEDCF27D169AD00757497 /* UserListUITests.xctest */;
			productType = "com.apple.product-type.bundle.ui-testing";
		};
/* End PBXNativeTarget section */

/* Begin PBXProject section */
		842BEDA727D169AB00757497 /* Project object */ = {
			isa = PBXProject;
			attributes = {
				BuildIndependentTargetsInParallel = 1;
				LastSwiftUpdateCheck = 1320;
				LastUpgradeCheck = 1320;
				TargetAttributes = {
					842BEDAE27D169AB00757497 = {
						CreatedOnToolsVersion = 13.2.1;
					};
					842BEDC427D169AC00757497 = {
						CreatedOnToolsVersion = 13.2.1;
						TestTargetID = 842BEDAE27D169AB00757497;
					};
					842BEDCE27D169AD00757497 = {
						CreatedOnToolsVersion = 13.2.1;
						TestTargetID = 842BEDAE27D169AB00757497;
					};
				};
			};
			buildConfigurationList = 842BEDAA27D169AB00757497 /* Build configuration list for PBXProject "UserList" */;
			compatibilityVersion = "Xcode 13.0";
			developmentRegion = en;
			hasScannedForEncodings = 0;
			knownRegions = (
				en,
				Base,
			);
			mainGroup = 842BEDA627D169AB00757497;
			productRefGroup = 842BEDB027D169AB00757497 /* Products */;
			projectDirPath = "";
			projectRoot = "";
			targets = (
				842BEDAE27D169AB00757497 /* UserList */,
				842BEDC427D169AC00757497 /* UserListTests */,
				842BEDCE27D169AD00757497 /* UserListUITests */,
			);
		};
/* End PBXProject section */

/* Begin PBXResourcesBuildPhase section */
		842BEDAD27D169AB00757497 /* Resources */ = {
			isa = PBXResourcesBuildPhase;
			buildActionMask = 2147483647;
			files = (
				842BEDBF27D169AC00757497 /* LaunchScreen.storyboard in Resources */,
				842BEDBC27D169AC00757497 /* Assets.xcassets in Resources */,
				842BEDBA27D169AB00757497 /* Main.storyboard in Resources */,
			);
			runOnlyForDeploymentPostprocessing = 0;
		};
		842BEDC327D169AC00757497 /* Resources */ = {
			isa = PBXResourcesBuildPhase;
			buildActionMask = 2147483647;
			files = (
			);
			runOnlyForDeploymentPostprocessing = 0;
		};
		842BEDCD27D169AD00757497 /* Resources */ = {
			isa = PBXResourcesBuildPhase;
			buildActionMask = 2147483647;
			files = (
			);
			runOnlyForDeploymentPostprocessing = 0;
		};
/* End PBXResourcesBuildPhase section */

/* Begin PBXSourcesBuildPhase section */
		842BEDAB27D169AB00757497 /* Sources */ = {
			isa = PBXSourcesBuildPhase;
			buildActionMask = 2147483647;
			files = (
				842BEDB727D169AB00757497 /* ViewController.swift in Sources */,
				842BEDFC27D2235100757497 /* userTableViewCell.swift in Sources */,
				842BEDB327D169AB00757497 /* AppDelegate.swift in Sources */,
				840FE9C927D7598200EB250B /* UIImageDownload.swift in Sources */,
				842BEDB527D169AB00757497 /* SceneDelegate.swift in Sources */,
				842BEDE327D16A1500757497 /* UserResponce.swift in Sources */,
			);
			runOnlyForDeploymentPostprocessing = 0;
		};
		842BEDC127D169AC00757497 /* Sources */ = {
			isa = PBXSourcesBuildPhase;
			buildActionMask = 2147483647;
			files = (
				842BEDCA27D169AC00757497 /* UserListTests.swift in Sources */,
			);
			runOnlyForDeploymentPostprocessing = 0;
		};
		842BEDCB27D169AD00757497 /* Sources */ = {
			isa = PBXSourcesBuildPhase;
			buildActionMask = 2147483647;
			files = (
				842BEDD627D169AD00757497 /* UserListUITestsLaunchTests.swift in Sources */,
				842BEDD427D169AD00757497 /* UserListUITests.swift in Sources */,
			);
			runOnlyForDeploymentPostprocessing = 0;
		};
/* End PBXSourcesBuildPhase section */

/* Begin PBXTargetDependency section */
		842BEDC727D169AC00757497 /* PBXTargetDependency */ = {
			isa = PBXTargetDependency;
			target = 842BEDAE27D169AB00757497 /* UserList */;
			targetProxy = 842BEDC627D169AC00757497 /* PBXContainerItemProxy */;
		};
		842BEDD127D169AD00757497 /* PBXTargetDependency */ = {
			isa = PBXTargetDependency;
			target = 842BEDAE27D169AB00757497 /* UserList */;
			targetProxy = 842BEDD027D169AD00757497 /* PBXContainerItemProxy */;
		};
/* End PBXTargetDependency section */

/* Begin PBXVariantGroup section */
		842BEDB827D169AB00757497 /* Main.storyboard */ = {
			isa = PBXVariantGroup;
			children = (
				842BEDB927D169AB00757497 /* Base */,
			);
			name = Main.storyboard;
			sourceTree = "<group>";
		};
		842BEDBD27D169AC00757497 /* LaunchScreen.storyboard */ = {
			isa = PBXVariantGroup;
			children = (
				842BEDBE27D169AC00757497 /* Base */,
			);
			name = LaunchScreen.storyboard;
			sourceTree = "<group>";
		};
/* End PBXVariantGroup section */

/* Begin XCBuildConfiguration section */
		842BEDD727D169AD00757497 /* Debug */ = {
			isa = XCBuildConfiguration;
			buildSettings = {
				ALWAYS_SEARCH_USER_PATHS = NO;
				CLANG_ANALYZER_NONNULL = YES;
				CLANG_ANALYZER_NUMBER_OBJECT_CONVERSION = YES_AGGRESSIVE;
				CLANG_CXX_LANGUAGE_STANDARD = "gnu++17";
				CLANG_CXX_LIBRARY = "libc++";
				CLANG_ENABLE_MODULES = YES;
				CLANG_ENABLE_OBJC_ARC = YES;
				CLANG_ENABLE_OBJC_WEAK = YES;
				CLANG_WARN_BLOCK_CAPTURE_AUTORELEASING = YES;
				CLANG_WARN_BOOL_CONVERSION = YES;
				CLANG_WARN_COMMA = YES;
				CLANG_WARN_CONSTANT_CONVERSION = YES;
				CLANG_WARN_DEPRECATED_OBJC_IMPLEMENTATIONS = YES;
				CLANG_WARN_DIRECT_OBJC_ISA_USAGE = YES_ERROR;
				CLANG_WARN_DOCUMENTATION_COMMENTS = YES;
				CLANG_WARN_EMPTY_BODY = YES;
				CLANG_WARN_ENUM_CONVERSION = YES;
				CLANG_WARN_INFINITE_RECURSION = YES;
				CLANG_WARN_INT_CONVERSION = YES;
				CLANG_WARN_NON_LITERAL_NULL_CONVERSION = YES;
				CLANG_WARN_OBJC_IMPLICIT_RETAIN_SELF = YES;
				CLANG_WARN_OBJC_LITERAL_CONVERSION = YES;
				CLANG_WARN_OBJC_ROOT_CLASS = YES_ERROR;
				CLANG_WARN_QUOTED_INCLUDE_IN_FRAMEWORK_HEADER = YES;
				CLANG_WARN_RANGE_LOOP_ANALYSIS = YES;
				CLANG_WARN_STRICT_PROTOTYPES = YES;
				CLANG_WARN_SUSPICIOUS_MOVE = YES;
				CLANG_WARN_UNGUARDED_AVAILABILITY = YES_AGGRESSIVE;
				CLANG_WARN_UNREACHABLE_CODE = YES;
				CLANG_WARN__DUPLICATE_METHOD_MATCH = YES;
				COPY_PHASE_STRIP = NO;
				DEBUG_INFORMATION_FORMAT = dwarf;
				ENABLE_STRICT_OBJC_MSGSEND = YES;
				ENABLE_TESTABILITY = YES;
				GCC_C_LANGUAGE_STANDARD = gnu11;
				GCC_DYNAMIC_NO_PIC = NO;
				GCC_NO_COMMON_BLOCKS = YES;
				GCC_OPTIMIZATION_LEVEL = 0;
				GCC_PREPROCESSOR_DEFINITIONS = (
					"DEBUG=1",
					"$(inherited)",
				);
				GCC_WARN_64_TO_32_BIT_CONVERSION = YES;
				GCC_WARN_ABOUT_RETURN_TYPE = YES_ERROR;
				GCC_WARN_UNDECLARED_SELECTOR = YES;
				GCC_WARN_UNINITIALIZED_AUTOS = YES_AGGRESSIVE;
				GCC_WARN_UNUSED_FUNCTION = YES;
				GCC_WARN_UNUSED_VARIABLE = YES;
				IPHONEOS_DEPLOYMENT_TARGET = 15.2;
				MTL_ENABLE_DEBUG_INFO = INCLUDE_SOURCE;
				MTL_FAST_MATH = YES;
				ONLY_ACTIVE_ARCH = YES;
				SDKROOT = iphoneos;
				SWIFT_ACTIVE_COMPILATION_CONDITIONS = DEBUG;
				SWIFT_OPTIMIZATION_LEVEL = "-Onone";
			};
			name = Debug;
		};
		842BEDD827D169AD00757497 /* Release */ = {
			isa = XCBuildConfiguration;
			buildSettings = {
				ALWAYS_SEARCH_USER_PATHS = NO;
				CLANG_ANALYZER_NONNULL = YES;
				CLANG_ANALYZER_NUMBER_OBJECT_CONVERSION = YES_AGGRESSIVE;
				CLANG_CXX_LANGUAGE_STANDARD = "gnu++17";
				CLANG_CXX_LIBRARY = "libc++";
				CLANG_ENABLE_MODULES = YES;
				CLANG_ENABLE_OBJC_ARC = YES;
				CLANG_ENABLE_OBJC_WEAK = YES;
				CLANG_WARN_BLOCK_CAPTURE_AUTORELEASING = YES;
				CLANG_WARN_BOOL_CONVERSION = YES;
				CLANG_WARN_COMMA = YES;
				CLANG_WARN_CONSTANT_CONVERSION = YES;
				CLANG_WARN_DEPRECATED_OBJC_IMPLEMENTATIONS = YES;
				CLANG_WARN_DIRECT_OBJC_ISA_USAGE = YES_ERROR;
				CLANG_WARN_DOCUMENTATION_COMMENTS = YES;
				CLANG_WARN_EMPTY_BODY = YES;
				CLANG_WARN_ENUM_CONVERSION = YES;
				CLANG_WARN_INFINITE_RECURSION = YES;
				CLANG_WARN_INT_CONVERSION = YES;
				CLANG_WARN_NON_LITERAL_NULL_CONVERSION = YES;
				CLANG_WARN_OBJC_IMPLICIT_RETAIN_SELF = YES;
				CLANG_WARN_OBJC_LITERAL_CONVERSION = YES;
				CLANG_WARN_OBJC_ROOT_CLASS = YES_ERROR;
				CLANG_WARN_QUOTED_INCLUDE_IN_FRAMEWORK_HEADER = YES;
				CLANG_WARN_RANGE_LOOP_ANALYSIS = YES;
				CLANG_WARN_STRICT_PROTOTYPES = YES;
				CLANG_WARN_SUSPICIOUS_MOVE = YES;
				CLANG_WARN_UNGUARDED_AVAILABILITY = YES_AGGRESSIVE;
				CLANG_WARN_UNREACHABLE_CODE = YES;
				CLANG_WARN__DUPLICATE_METHOD_MATCH = YES;
				COPY_PHASE_STRIP = NO;
				DEBUG_INFORMATION_FORMAT = "dwarf-with-dsym";
				ENABLE_NS_ASSERTIONS = NO;
				ENABLE_STRICT_OBJC_MSGSEND = YES;
				GCC_C_LANGUAGE_STANDARD = gnu11;
				GCC_NO_COMMON_BLOCKS = YES;
				GCC_WARN_64_TO_32_BIT_CONVERSION = YES;
				GCC_WARN_ABOUT_RETURN_TYPE = YES_ERROR;
				GCC_WARN_UNDECLARED_SELECTOR = YES;
				GCC_WARN_UNINITIALIZED_AUTOS = YES_AGGRESSIVE;
				GCC_WARN_UNUSED_FUNCTION = YES;
				GCC_WARN_UNUSED_VARIABLE = YES;
				IPHONEOS_DEPLOYMENT_TARGET = 15.2;
				MTL_ENABLE_DEBUG_INFO = NO;
				MTL_FAST_MATH = YES;
				SDKROOT = iphoneos;
				SWIFT_COMPILATION_MODE = wholemodule;
				SWIFT_OPTIMIZATION_LEVEL = "-O";
				VALIDATE_PRODUCT = YES;
			};
			name = Release;
		};
		842BEDDA27D169AD00757497 /* Debug */ = {
			isa = XCBuildConfiguration;
			buildSettings = {
				ASSETCATALOG_COMPILER_APPICON_NAME = AppIcon;
				ASSETCATALOG_COMPILER_GLOBAL_ACCENT_COLOR_NAME = AccentColor;
				CODE_SIGN_STYLE = Automatic;
				CURRENT_PROJECT_VERSION = 1;
				GENERATE_INFOPLIST_FILE = YES;
				INFOPLIST_FILE = UserList/Info.plist;
				INFOPLIST_KEY_UIApplicationSupportsIndirectInputEvents = YES;
				INFOPLIST_KEY_UILaunchStoryboardName = LaunchScreen;
				INFOPLIST_KEY_UIMainStoryboardFile = Main;
				INFOPLIST_KEY_UISupportedInterfaceOrientations_iPad = "UIInterfaceOrientationPortrait UIInterfaceOrientationPortraitUpsideDown UIInterfaceOrientationLandscapeLeft UIInterfaceOrientationLandscapeRight";
				INFOPLIST_KEY_UISupportedInterfaceOrientations_iPhone = "UIInterfaceOrientationPortrait UIInterfaceOrientationLandscapeLeft UIInterfaceOrientationLandscapeRight";
				LD_RUNPATH_SEARCH_PATHS = (
					"$(inherited)",
					"@executable_path/Frameworks",
				);
				MARKETING_VERSION = 1.0;
				PRODUCT_BUNDLE_IDENTIFIER = ITC.UserList;
				PRODUCT_NAME = "$(TARGET_NAME)";
				SWIFT_EMIT_LOC_STRINGS = YES;
				SWIFT_VERSION = 5.0;
				TARGETED_DEVICE_FAMILY = "1,2";
			};
			name = Debug;
		};
		842BEDDB27D169AD00757497 /* Release */ = {
			isa = XCBuildConfiguration;
			buildSettings = {
				ASSETCATALOG_COMPILER_APPICON_NAME = AppIcon;
				ASSETCATALOG_COMPILER_GLOBAL_ACCENT_COLOR_NAME = AccentColor;
				CODE_SIGN_STYLE = Automatic;
				CURRENT_PROJECT_VERSION = 1;
				GENERATE_INFOPLIST_FILE = YES;
				INFOPLIST_FILE = UserList/Info.plist;
				INFOPLIST_KEY_UIApplicationSupportsIndirectInputEvents = YES;
				INFOPLIST_KEY_UILaunchStoryboardName = LaunchScreen;
				INFOPLIST_KEY_UIMainStoryboardFile = Main;
				INFOPLIST_KEY_UISupportedInterfaceOrientations_iPad = "UIInterfaceOrientationPortrait UIInterfaceOrientationPortraitUpsideDown UIInterfaceOrientationLandscapeLeft UIInterfaceOrientationLandscapeRight";
				INFOPLIST_KEY_UISupportedInterfaceOrientations_iPhone = "UIInterfaceOrientationPortrait UIInterfaceOrientationLandscapeLeft UIInterfaceOrientationLandscapeRight";
				LD_RUNPATH_SEARCH_PATHS = (
					"$(inherited)",
					"@executable_path/Frameworks",
				);
				MARKETING_VERSION = 1.0;
				PRODUCT_BUNDLE_IDENTIFIER = ITC.UserList;
				PRODUCT_NAME = "$(TARGET_NAME)";
				SWIFT_EMIT_LOC_STRINGS = YES;
				SWIFT_VERSION = 5.0;
				TARGETED_DEVICE_FAMILY = "1,2";
			};
			name = Release;
		};
		842BEDDD27D169AD00757497 /* Debug */ = {
			isa = XCBuildConfiguration;
			buildSettings = {
				ALWAYS_EMBED_SWIFT_STANDARD_LIBRARIES = YES;
				BUNDLE_LOADER = "$(TEST_HOST)";
				CODE_SIGN_STYLE = Automatic;
				CURRENT_PROJECT_VERSION = 1;
				GENERATE_INFOPLIST_FILE = YES;
				IPHONEOS_DEPLOYMENT_TARGET = 15.2;
				MARKETING_VERSION = 1.0;
				PRODUCT_BUNDLE_IDENTIFIER = ITC.UserListTests;
				PRODUCT_NAME = "$(TARGET_NAME)";
				SWIFT_EMIT_LOC_STRINGS = NO;
				SWIFT_VERSION = 5.0;
				TARGETED_DEVICE_FAMILY = "1,2";
				TEST_HOST = "$(BUILT_PRODUCTS_DIR)/UserList.app/UserList";
			};
			name = Debug;
		};
		842BEDDE27D169AD00757497 /* Release */ = {
			isa = XCBuildConfiguration;
			buildSettings = {
				ALWAYS_EMBED_SWIFT_STANDARD_LIBRARIES = YES;
				BUNDLE_LOADER = "$(TEST_HOST)";
				CODE_SIGN_STYLE = Automatic;
				CURRENT_PROJECT_VERSION = 1;
				GENERATE_INFOPLIST_FILE = YES;
				IPHONEOS_DEPLOYMENT_TARGET = 15.2;
				MARKETING_VERSION = 1.0;
				PRODUCT_BUNDLE_IDENTIFIER = ITC.UserListTests;
				PRODUCT_NAME = "$(TARGET_NAME)";
				SWIFT_EMIT_LOC_STRINGS = NO;
				SWIFT_VERSION = 5.0;
				TARGETED_DEVICE_FAMILY = "1,2";
				TEST_HOST = "$(BUILT_PRODUCTS_DIR)/UserList.app/UserList";
			};
			name = Release;
		};
		842BEDE027D169AD00757497 /* Debug */ = {
			isa = XCBuildConfiguration;
			buildSettings = {
				ALWAYS_EMBED_SWIFT_STANDARD_LIBRARIES = YES;
				CODE_SIGN_STYLE = Automatic;
				CURRENT_PROJECT_VERSION = 1;
				GENERATE_INFOPLIST_FILE = YES;
				MARKETING_VERSION = 1.0;
				PRODUCT_BUNDLE_IDENTIFIER = ITC.UserListUITests;
				PRODUCT_NAME = "$(TARGET_NAME)";
				SWIFT_EMIT_LOC_STRINGS = NO;
				SWIFT_VERSION = 5.0;
				TARGETED_DEVICE_FAMILY = "1,2";
				TEST_TARGET_NAME = UserList;
			};
			name = Debug;
		};
		842BEDE127D169AD00757497 /* Release */ = {
			isa = XCBuildConfiguration;
			buildSettings = {
				ALWAYS_EMBED_SWIFT_STANDARD_LIBRARIES = YES;
				CODE_SIGN_STYLE = Automatic;
				CURRENT_PROJECT_VERSION = 1;
				GENERATE_INFOPLIST_FILE = YES;
				MARKETING_VERSION = 1.0;
				PRODUCT_BUNDLE_IDENTIFIER = ITC.UserListUITests;
				PRODUCT_NAME = "$(TARGET_NAME)";
				SWIFT_EMIT_LOC_STRINGS = NO;
				SWIFT_VERSION = 5.0;
				TARGETED_DEVICE_FAMILY = "1,2";
				TEST_TARGET_NAME = UserList;
			};
			name = Release;
		};
/* End XCBuildConfiguration section */

/* Begin XCConfigurationList section */
		842BEDAA27D169AB00757497 /* Build configuration list for PBXProject "UserList" */ = {
			isa = XCConfigurationList;
			buildConfigurations = (
				842BEDD727D169AD00757497 /* Debug */,
				842BEDD827D169AD00757497 /* Release */,
			);
			defaultConfigurationIsVisible = 0;
			defaultConfigurationName = Release;
		};
		842BEDD927D169AD00757497 /* Build configuration list for PBXNativeTarget "UserList" */ = {
			isa = XCConfigurationList;
			buildConfigurations = (
				842BEDDA27D169AD00757497 /* Debug */,
				842BEDDB27D169AD00757497 /* Release */,
			);
			defaultConfigurationIsVisible = 0;
			defaultConfigurationName = Release;
		};
		842BEDDC27D169AD00757497 /* Build configuration list for PBXNativeTarget "UserListTests" */ = {
			isa = XCConfigurationList;
			buildConfigurations = (
				842BEDDD27D169AD00757497 /* Debug */,
				842BEDDE27D169AD00757497 /* Release */,
			);
			defaultConfigurationIsVisible = 0;
			defaultConfigurationName = Release;
		};
		842BEDDF27D169AD00757497 /* Build configuration list for PBXNativeTarget "UserListUITests" */ = {
			isa = XCConfigurationList;
			buildConfigurations = (
				842BEDE027D169AD00757497 /* Debug */,
				842BEDE127D169AD00757497 /* Release */,
			);
			defaultConfigurationIsVisible = 0;
			defaultConfigurationName = Release;
		};
/* End XCConfigurationList section */
	};
	rootObject = 842BEDA727D169AB00757497 /* Project object */;
}
